
Microsoft Visual Studio Solution File, Format Version 12.00
# Visual Studio 15
VisualStudioVersion = 15.0.26403.3
MinimumVisualStudioVersion = 10.0.40219.1
Project("{FAE04EC0-301F-11D3-BF4B-00C04F79EFBC}") = "DayOne", "DayOne\DayOne.csproj", "{EB61E3D2-2B7E-466F-9EDC-B86E6F2D5E0B}"
EndProject
Project("{FAE04EC0-301F-11D3-BF4B-00C04F79EFBC}") = "Toolbox", "Toolbox\Toolbox.csproj", "{F2FC3A1D-B30B-49DF-8B55-B3FF9420AEDD}"
EndProject
Project("{FAE04EC0-301F-11D3-BF4B-00C04F79EFBC}") = "AdventofCodeConsole", "AdventofCodeConsole\AdventofCodeConsole.csproj", "{0E562B17-0137-4ED5-B05C-1BE0AEE025D2}"
EndProject
Project("{FAE04EC0-301F-11D3-BF4B-00C04F79EFBC}") = "DayTwo", "DayTwo\DayTwo.csproj", "{6BFAC251-793F-41DD-BE85-5ACDD6DD16D4}"
EndProject
Global
	GlobalSection(SolutionConfigurationPlatforms) = preSolution
		Debug|Any CPU = Debug|Any CPU
		Release|Any CPU = Release|Any CPU
	EndGlobalSection
	GlobalSection(ProjectConfigurationPlatforms) = postSolution
		{EB61E3D2-2B7E-466F-9EDC-B86E6F2D5E0B}.Debug|Any CPU.ActiveCfg = Debug|Any CPU
		{EB61E3D2-2B7E-466F-9EDC-B86E6F2D5E0B}.Debug|Any CPU.Build.0 = Debug|Any CPU
		{EB61E3D2-2B7E-466F-9EDC-B86E6F2D5E0B}.Release|Any CPU.ActiveCfg = Release|Any CPU
		{EB61E3D2-2B7E-466F-9EDC-B86E6F2D5E0B}.Release|Any CPU.Build.0 = Release|Any CPU
		{F2FC3A1D-B30B-49DF-8B55-B3FF9420AEDD}.Debug|Any CPU.ActiveCfg = Debug|Any CPU
		{F2FC3A1D-B30B-49DF-8B55-B3FF9420AEDD}.Debug|Any CPU.Build.0 = Debug|Any CPU
		{F2FC3A1D-B30B-49DF-8B55-B3FF9420AEDD}.Release|Any CPU.ActiveCfg = Release|Any CPU
		{F2FC3A1D-B30B-49DF-8B55-B3FF9420AEDD}.Release|Any CPU.Build.0 = Release|Any CPU
		{0E562B17-0137-4ED5-B05C-1BE0AEE025D2}.Debug|Any CPU.ActiveCfg = Debug|Any CPU
		{0E562B17-0137-4ED5-B05C-1BE0AEE025D2}.Debug|Any CPU.Build.0 = Debug|Any CPU
		{0E562B17-0137-4ED5-B05C-1BE0AEE025D2}.Release|Any CPU.ActiveCfg = Release|Any CPU
		{0E562B17-0137-4ED5-B05C-1BE0AEE025D2}.Release|Any CPU.Build.0 = Release|Any CPU
		{6BFAC251-793F-41DD-BE85-5ACDD6DD16D4}.Debug|Any CPU.ActiveCfg = Debug|Any CPU
		{6BFAC251-793F-41DD-BE85-5ACDD6DD16D4}.Debug|Any CPU.Build.0 = Debug|Any CPU
		{6BFAC251-793F-41DD-BE85-5ACDD6DD16D4}.Release|Any CPU.ActiveCfg = Release|Any CPU
		{6BFAC251-793F-41DD-BE85-5ACDD6DD16D4}.Release|Any CPU.Build.0 = Release|Any CPU
	EndGlobalSection
	GlobalSection(SolutionProperties) = preSolution
		HideSolutionNode = FALSE
	EndGlobalSection
	GlobalSection(ExtensibilityGlobals) = postSolution
		SolutionGuid = {8365CA43-78C1-4FAA-9307-876885014DD8}
	EndGlobalSection
EndGlobal
