
Microsoft Visual Studio Solution File, Format Version 12.00
# Visual Studio 15
VisualStudioVersion = 15.0.26730.3
MinimumVisualStudioVersion = 10.0.40219.1
Project("{FAE04EC0-301F-11D3-BF4B-00C04F79EFBC}") = "DayOne", "DayOne\DayOne.csproj", "{EB61E3D2-2B7E-466F-9EDC-B86E6F2D5E0B}"
EndProject
Project("{FAE04EC0-301F-11D3-BF4B-00C04F79EFBC}") = "Toolbox", "Toolbox\Toolbox.csproj", "{F2FC3A1D-B30B-49DF-8B55-B3FF9420AEDD}"
EndProject
Project("{FAE04EC0-301F-11D3-BF4B-00C04F79EFBC}") = "AdventofCodeConsole", "AdventofCodeConsole\AdventofCodeConsole.csproj", "{0E562B17-0137-4ED5-B05C-1BE0AEE025D2}"
EndProject
Project("{FAE04EC0-301F-11D3-BF4B-00C04F79EFBC}") = "DayTwo", "DayTwo\DayTwo.csproj", "{6BFAC251-793F-41DD-BE85-5ACDD6DD16D4}"
EndProject
Project("{FAE04EC0-301F-11D3-BF4B-00C04F79EFBC}") = "DayThree", "DayThree\DayThree.csproj", "{72D9263B-A7FA-49E6-952B-81F16B08F7C7}"
EndProject
Project("{FAE04EC0-301F-11D3-BF4B-00C04F79EFBC}") = "DayFour", "DayFour\DayFour.csproj", "{24CC5EB2-5758-4608-AFFB-AF9BE8C7AF10}"
EndProject
Project("{FAE04EC0-301F-11D3-BF4B-00C04F79EFBC}") = "DayFive", "DayFive\DayFive.csproj", "{2FBB9EE5-6F49-48DA-A67D-E143CBB8CB90}"
EndProject
Project("{FAE04EC0-301F-11D3-BF4B-00C04F79EFBC}") = "DaySix", "DaySix\DaySix.csproj", "{E490577C-B173-4C71-8B52-D97CC64D04F1}"
EndProject
Project("{FAE04EC0-301F-11D3-BF4B-00C04F79EFBC}") = "DaySeven", "DaySeven\DaySeven.csproj", "{B391F626-7B32-49E0-9E15-D514E7D547B3}"
EndProject
Project("{FAE04EC0-301F-11D3-BF4B-00C04F79EFBC}") = "DayEight", "DayEight\DayEight.csproj", "{D044884A-929E-494B-8EBD-E4503A670208}"
EndProject
Project("{FAE04EC0-301F-11D3-BF4B-00C04F79EFBC}") = "DayNine", "DayNine\DayNine.csproj", "{7901FEB5-7B01-4B0A-8F30-5BCFC30C6F70}"
EndProject
Global
	GlobalSection(SolutionConfigurationPlatforms) = preSolution
		Debug|Any CPU = Debug|Any CPU
		Release|Any CPU = Release|Any CPU
	EndGlobalSection
	GlobalSection(ProjectConfigurationPlatforms) = postSolution
		{EB61E3D2-2B7E-466F-9EDC-B86E6F2D5E0B}.Debug|Any CPU.ActiveCfg = Debug|Any CPU
		{EB61E3D2-2B7E-466F-9EDC-B86E6F2D5E0B}.Debug|Any CPU.Build.0 = Debug|Any CPU
		{EB61E3D2-2B7E-466F-9EDC-B86E6F2D5E0B}.Release|Any CPU.ActiveCfg = Release|Any CPU
		{EB61E3D2-2B7E-466F-9EDC-B86E6F2D5E0B}.Release|Any CPU.Build.0 = Release|Any CPU
		{F2FC3A1D-B30B-49DF-8B55-B3FF9420AEDD}.Debug|Any CPU.ActiveCfg = Debug|Any CPU
		{F2FC3A1D-B30B-49DF-8B55-B3FF9420AEDD}.Debug|Any CPU.Build.0 = Debug|Any CPU
		{F2FC3A1D-B30B-49DF-8B55-B3FF9420AEDD}.Release|Any CPU.ActiveCfg = Release|Any CPU
		{F2FC3A1D-B30B-49DF-8B55-B3FF9420AEDD}.Release|Any CPU.Build.0 = Release|Any CPU
		{0E562B17-0137-4ED5-B05C-1BE0AEE025D2}.Debug|Any CPU.ActiveCfg = Debug|Any CPU
		{0E562B17-0137-4ED5-B05C-1BE0AEE025D2}.Debug|Any CPU.Build.0 = Debug|Any CPU
		{0E562B17-0137-4ED5-B05C-1BE0AEE025D2}.Release|Any CPU.ActiveCfg = Release|Any CPU
		{0E562B17-0137-4ED5-B05C-1BE0AEE025D2}.Release|Any CPU.Build.0 = Release|Any CPU
		{6BFAC251-793F-41DD-BE85-5ACDD6DD16D4}.Debug|Any CPU.ActiveCfg = Debug|Any CPU
		{6BFAC251-793F-41DD-BE85-5ACDD6DD16D4}.Debug|Any CPU.Build.0 = Debug|Any CPU
		{6BFAC251-793F-41DD-BE85-5ACDD6DD16D4}.Release|Any CPU.ActiveCfg = Release|Any CPU
		{6BFAC251-793F-41DD-BE85-5ACDD6DD16D4}.Release|Any CPU.Build.0 = Release|Any CPU
		{72D9263B-A7FA-49E6-952B-81F16B08F7C7}.Debug|Any CPU.ActiveCfg = Debug|Any CPU
		{72D9263B-A7FA-49E6-952B-81F16B08F7C7}.Debug|Any CPU.Build.0 = Debug|Any CPU
		{72D9263B-A7FA-49E6-952B-81F16B08F7C7}.Release|Any CPU.ActiveCfg = Release|Any CPU
		{72D9263B-A7FA-49E6-952B-81F16B08F7C7}.Release|Any CPU.Build.0 = Release|Any CPU
		{24CC5EB2-5758-4608-AFFB-AF9BE8C7AF10}.Debug|Any CPU.ActiveCfg = Debug|Any CPU
		{24CC5EB2-5758-4608-AFFB-AF9BE8C7AF10}.Debug|Any CPU.Build.0 = Debug|Any CPU
		{24CC5EB2-5758-4608-AFFB-AF9BE8C7AF10}.Release|Any CPU.ActiveCfg = Release|Any CPU
		{24CC5EB2-5758-4608-AFFB-AF9BE8C7AF10}.Release|Any CPU.Build.0 = Release|Any CPU
		{2FBB9EE5-6F49-48DA-A67D-E143CBB8CB90}.Debug|Any CPU.ActiveCfg = Debug|Any CPU
		{2FBB9EE5-6F49-48DA-A67D-E143CBB8CB90}.Debug|Any CPU.Build.0 = Debug|Any CPU
		{2FBB9EE5-6F49-48DA-A67D-E143CBB8CB90}.Release|Any CPU.ActiveCfg = Release|Any CPU
		{2FBB9EE5-6F49-48DA-A67D-E143CBB8CB90}.Release|Any CPU.Build.0 = Release|Any CPU
		{E490577C-B173-4C71-8B52-D97CC64D04F1}.Debug|Any CPU.ActiveCfg = Debug|Any CPU
		{E490577C-B173-4C71-8B52-D97CC64D04F1}.Debug|Any CPU.Build.0 = Debug|Any CPU
		{E490577C-B173-4C71-8B52-D97CC64D04F1}.Release|Any CPU.ActiveCfg = Release|Any CPU
		{E490577C-B173-4C71-8B52-D97CC64D04F1}.Release|Any CPU.Build.0 = Release|Any CPU
		{B391F626-7B32-49E0-9E15-D514E7D547B3}.Debug|Any CPU.ActiveCfg = Debug|Any CPU
		{B391F626-7B32-49E0-9E15-D514E7D547B3}.Debug|Any CPU.Build.0 = Debug|Any CPU
		{B391F626-7B32-49E0-9E15-D514E7D547B3}.Release|Any CPU.ActiveCfg = Release|Any CPU
		{B391F626-7B32-49E0-9E15-D514E7D547B3}.Release|Any CPU.Build.0 = Release|Any CPU
		{D044884A-929E-494B-8EBD-E4503A670208}.Debug|Any CPU.ActiveCfg = Debug|Any CPU
		{D044884A-929E-494B-8EBD-E4503A670208}.Debug|Any CPU.Build.0 = Debug|Any CPU
		{D044884A-929E-494B-8EBD-E4503A670208}.Release|Any CPU.ActiveCfg = Release|Any CPU
		{D044884A-929E-494B-8EBD-E4503A670208}.Release|Any CPU.Build.0 = Release|Any CPU
		{7901FEB5-7B01-4B0A-8F30-5BCFC30C6F70}.Debug|Any CPU.ActiveCfg = Debug|Any CPU
		{7901FEB5-7B01-4B0A-8F30-5BCFC30C6F70}.Debug|Any CPU.Build.0 = Debug|Any CPU
		{7901FEB5-7B01-4B0A-8F30-5BCFC30C6F70}.Release|Any CPU.ActiveCfg = Release|Any CPU
		{7901FEB5-7B01-4B0A-8F30-5BCFC30C6F70}.Release|Any CPU.Build.0 = Release|Any CPU
	EndGlobalSection
	GlobalSection(SolutionProperties) = preSolution
		HideSolutionNode = FALSE
	EndGlobalSection
	GlobalSection(ExtensibilityGlobals) = postSolution
		SolutionGuid = {8365CA43-78C1-4FAA-9307-876885014DD8}
	EndGlobalSection
EndGlobal
